
Microsoft Visual Studio Solution File, Format Version 12.00
# Visual Studio Version 17
VisualStudioVersion = 17.14.36221.1 d17.14
MinimumVisualStudioVersion = 10.0.40219.1
Project("{FAE04EC0-301F-11D3-BF4B-00C04F79EFBC}") = "Test251014", "Test251014\Test251014.csproj", "{042F9422-C475-4775-9D47-B55C6355FCBD}"
EndProject
Global
	GlobalSection(SolutionConfigurationPlatforms) = preSolution
		Debug|Any CPU = Debug|Any CPU
		Release|Any CPU = Release|Any CPU
	EndGlobalSection
	GlobalSection(ProjectConfigurationPlatforms) = postSolution
		{042F9422-C475-4775-9D47-B55C6355FCBD}.Debug|Any CPU.ActiveCfg = Debug|Any CPU
		{042F9422-C475-4775-9D47-B55C6355FCBD}.Debug|Any CPU.Build.0 = Debug|Any CPU
		{042F9422-C475-4775-9D47-B55C6355FCBD}.Release|Any CPU.ActiveCfg = Release|Any CPU
		{042F9422-C475-4775-9D47-B55C6355FCBD}.Release|Any CPU.Build.0 = Release|Any CPU
	EndGlobalSection
	GlobalSection(SolutionProperties) = preSolution
		HideSolutionNode = FALSE
	EndGlobalSection
	GlobalSection(ExtensibilityGlobals) = postSolution
		SolutionGuid = {C49F2AA5-9FDD-42EC-988C-F9BED0E8867B}
	EndGlobalSection
EndGlobal
