
Microsoft Visual Studio Solution File, Format Version 12.00
# Visual Studio Version 17
VisualStudioVersion = 17.14.36221.1 d17.14
MinimumVisualStudioVersion = 10.0.40219.1
Project("{FAE04EC0-301F-11D3-BF4B-00C04F79EFBC}") = "PrimeNum", "Project0930\PrimeNum.csproj", "{14DABBF9-30B5-4CAB-9D00-FE7FA7A4B7EF}"
EndProject
Project("{FAE04EC0-301F-11D3-BF4B-00C04F79EFBC}") = "Lottery", "Lottery\Lottery.csproj", "{05855E31-B52C-4816-AE45-FDBCCEF42FE4}"
EndProject
Global
	GlobalSection(SolutionConfigurationPlatforms) = preSolution
		Debug|Any CPU = Debug|Any CPU
		Release|Any CPU = Release|Any CPU
	EndGlobalSection
	GlobalSection(ProjectConfigurationPlatforms) = postSolution
		{14DABBF9-30B5-4CAB-9D00-FE7FA7A4B7EF}.Debug|Any CPU.ActiveCfg = Debug|Any CPU
		{14DABBF9-30B5-4CAB-9D00-FE7FA7A4B7EF}.Debug|Any CPU.Build.0 = Debug|Any CPU
		{14DABBF9-30B5-4CAB-9D00-FE7FA7A4B7EF}.Release|Any CPU.ActiveCfg = Release|Any CPU
		{14DABBF9-30B5-4CAB-9D00-FE7FA7A4B7EF}.Release|Any CPU.Build.0 = Release|Any CPU
		{05855E31-B52C-4816-AE45-FDBCCEF42FE4}.Debug|Any CPU.ActiveCfg = Debug|Any CPU
		{05855E31-B52C-4816-AE45-FDBCCEF42FE4}.Debug|Any CPU.Build.0 = Debug|Any CPU
		{05855E31-B52C-4816-AE45-FDBCCEF42FE4}.Release|Any CPU.ActiveCfg = Release|Any CPU
		{05855E31-B52C-4816-AE45-FDBCCEF42FE4}.Release|Any CPU.Build.0 = Release|Any CPU
	EndGlobalSection
	GlobalSection(SolutionProperties) = preSolution
		HideSolutionNode = FALSE
	EndGlobalSection
	GlobalSection(ExtensibilityGlobals) = postSolution
		SolutionGuid = {442132F2-3191-42EE-8A76-488C0766869B}
	EndGlobalSection
EndGlobal
