
Microsoft Visual Studio Solution File, Format Version 12.00
# Visual Studio Version 17
VisualStudioVersion = 17.14.36221.1 d17.14
MinimumVisualStudioVersion = 10.0.40219.1
Project("{FAE04EC0-301F-11D3-BF4B-00C04F79EFBC}") = "ConsoleApp20250902", "ConsoleApp20250902.csproj", "{2CF5655B-D29B-4E37-B507-E0E1F80819F9}"
EndProject
Global
	GlobalSection(SolutionConfigurationPlatforms) = preSolution
		Debug|Any CPU = Debug|Any CPU
		Release|Any CPU = Release|Any CPU
	EndGlobalSection
	GlobalSection(ProjectConfigurationPlatforms) = postSolution
		{2CF5655B-D29B-4E37-B507-E0E1F80819F9}.Debug|Any CPU.ActiveCfg = Debug|Any CPU
		{2CF5655B-D29B-4E37-B507-E0E1F80819F9}.Debug|Any CPU.Build.0 = Debug|Any CPU
		{2CF5655B-D29B-4E37-B507-E0E1F80819F9}.Release|Any CPU.ActiveCfg = Release|Any CPU
		{2CF5655B-D29B-4E37-B507-E0E1F80819F9}.Release|Any CPU.Build.0 = Release|Any CPU
	EndGlobalSection
	GlobalSection(SolutionProperties) = preSolution
		HideSolutionNode = FALSE
	EndGlobalSection
	GlobalSection(ExtensibilityGlobals) = postSolution
		SolutionGuid = {F3E41AA7-8D15-4424-A0E9-02F24019AF0F}
	EndGlobalSection
EndGlobal
